
Microsoft Visual Studio Solution File, Format Version 12.00
# Visual Studio 15
VisualStudioVersion = 15.0.28307.902
MinimumVisualStudioVersion = 10.0.40219.1
Project("{FAE04EC0-301F-11D3-BF4B-00C04F79EFBC}") = "DeviceManager", "DeviceManager\DeviceManager.csproj", "{EFFD88E5-B20C-43D3-BB91-4FE20360A00B}"
EndProject
Project("{FAE04EC0-301F-11D3-BF4B-00C04F79EFBC}") = "DeviceManager.Common", "DeviceManager.Common\DeviceManager.Common.csproj", "{3816FA28-0235-48DF-AEB4-AE8FB551D337}"
EndProject
Global
	GlobalSection(SolutionConfigurationPlatforms) = preSolution
		Debug|Any CPU = Debug|Any CPU
		Release|Any CPU = Release|Any CPU
	EndGlobalSection
	GlobalSection(ProjectConfigurationPlatforms) = postSolution
		{EFFD88E5-B20C-43D3-BB91-4FE20360A00B}.Debug|Any CPU.ActiveCfg = Debug|Any CPU
		{EFFD88E5-B20C-43D3-BB91-4FE20360A00B}.Debug|Any CPU.Build.0 = Debug|Any CPU
		{EFFD88E5-B20C-43D3-BB91-4FE20360A00B}.Release|Any CPU.ActiveCfg = Release|Any CPU
		{EFFD88E5-B20C-43D3-BB91-4FE20360A00B}.Release|Any CPU.Build.0 = Release|Any CPU
		{3816FA28-0235-48DF-AEB4-AE8FB551D337}.Debug|Any CPU.ActiveCfg = Debug|Any CPU
		{3816FA28-0235-48DF-AEB4-AE8FB551D337}.Debug|Any CPU.Build.0 = Debug|Any CPU
		{3816FA28-0235-48DF-AEB4-AE8FB551D337}.Release|Any CPU.ActiveCfg = Release|Any CPU
		{3816FA28-0235-48DF-AEB4-AE8FB551D337}.Release|Any CPU.Build.0 = Release|Any CPU
	EndGlobalSection
	GlobalSection(SolutionProperties) = preSolution
		HideSolutionNode = FALSE
	EndGlobalSection
	GlobalSection(ExtensibilityGlobals) = postSolution
		SolutionGuid = {21908238-C38D-47C1-906E-E4D0E9954FAC}
	EndGlobalSection
EndGlobal
